
Microsoft Visual Studio Solution File, Format Version 12.00
# Visual Studio 15
VisualStudioVersion = 15.0.26228.4
MinimumVisualStudioVersion = 10.0.40219.1
Project("{FAE04EC0-301F-11D3-BF4B-00C04F79EFBC}") = "开发者工具", "开发者工具\开发者工具.csproj", "{2908B319-CB7F-48D6-9C2F-4765F48642D3}"
EndProject
Project("{FAE04EC0-301F-11D3-BF4B-00C04F79EFBC}") = "Common", "Common\Common.csproj", "{351001F4-3E86-44EE-8725-AC779A24B6F7}"
EndProject
Project("{FAE04EC0-301F-11D3-BF4B-00C04F79EFBC}") = "Utilities", "Utilities\Utilities.csproj", "{0B0CA4C7-852E-4693-8D6A-B9E84FD9173A}"
EndProject
Project("{FAE04EC0-301F-11D3-BF4B-00C04F79EFBC}") = "DBUtility", "DBUtility\DBUtility.csproj", "{182EEB79-CC84-4514-9B86-6BA881FB45DC}"
EndProject
Project("{FAE04EC0-301F-11D3-BF4B-00C04F79EFBC}") = "Models", "Models\Models.csproj", "{22427A06-A953-42C8-8200-7363CDC4ADB8}"
EndProject
Project("{FAE04EC0-301F-11D3-BF4B-00C04F79EFBC}") = "Builder", "Builder\Builder.csproj", "{09D0CF59-D25C-49FF-9272-29737BC25C3D}"
EndProject
Project("{FAE04EC0-301F-11D3-BF4B-00C04F79EFBC}") = "IBuilder", "IBuilder\IBuilder.csproj", "{3B15669E-83C9-4D5B-8801-4EDF3D86D38A}"
EndProject
Global
	GlobalSection(SolutionConfigurationPlatforms) = preSolution
		Debug|Any CPU = Debug|Any CPU
		Release|Any CPU = Release|Any CPU
	EndGlobalSection
	GlobalSection(ProjectConfigurationPlatforms) = postSolution
		{2908B319-CB7F-48D6-9C2F-4765F48642D3}.Debug|Any CPU.ActiveCfg = Debug|Any CPU
		{2908B319-CB7F-48D6-9C2F-4765F48642D3}.Debug|Any CPU.Build.0 = Debug|Any CPU
		{2908B319-CB7F-48D6-9C2F-4765F48642D3}.Release|Any CPU.ActiveCfg = Release|Any CPU
		{2908B319-CB7F-48D6-9C2F-4765F48642D3}.Release|Any CPU.Build.0 = Release|Any CPU
		{351001F4-3E86-44EE-8725-AC779A24B6F7}.Debug|Any CPU.ActiveCfg = Debug|Any CPU
		{351001F4-3E86-44EE-8725-AC779A24B6F7}.Debug|Any CPU.Build.0 = Debug|Any CPU
		{351001F4-3E86-44EE-8725-AC779A24B6F7}.Release|Any CPU.ActiveCfg = Release|Any CPU
		{351001F4-3E86-44EE-8725-AC779A24B6F7}.Release|Any CPU.Build.0 = Release|Any CPU
		{0B0CA4C7-852E-4693-8D6A-B9E84FD9173A}.Debug|Any CPU.ActiveCfg = Debug|Any CPU
		{0B0CA4C7-852E-4693-8D6A-B9E84FD9173A}.Debug|Any CPU.Build.0 = Debug|Any CPU
		{0B0CA4C7-852E-4693-8D6A-B9E84FD9173A}.Release|Any CPU.ActiveCfg = Release|Any CPU
		{0B0CA4C7-852E-4693-8D6A-B9E84FD9173A}.Release|Any CPU.Build.0 = Release|Any CPU
		{182EEB79-CC84-4514-9B86-6BA881FB45DC}.Debug|Any CPU.ActiveCfg = Debug|Any CPU
		{182EEB79-CC84-4514-9B86-6BA881FB45DC}.Debug|Any CPU.Build.0 = Debug|Any CPU
		{182EEB79-CC84-4514-9B86-6BA881FB45DC}.Release|Any CPU.ActiveCfg = Release|Any CPU
		{182EEB79-CC84-4514-9B86-6BA881FB45DC}.Release|Any CPU.Build.0 = Release|Any CPU
		{22427A06-A953-42C8-8200-7363CDC4ADB8}.Debug|Any CPU.ActiveCfg = Debug|Any CPU
		{22427A06-A953-42C8-8200-7363CDC4ADB8}.Debug|Any CPU.Build.0 = Debug|Any CPU
		{22427A06-A953-42C8-8200-7363CDC4ADB8}.Release|Any CPU.ActiveCfg = Release|Any CPU
		{22427A06-A953-42C8-8200-7363CDC4ADB8}.Release|Any CPU.Build.0 = Release|Any CPU
		{09D0CF59-D25C-49FF-9272-29737BC25C3D}.Debug|Any CPU.ActiveCfg = Debug|Any CPU
		{09D0CF59-D25C-49FF-9272-29737BC25C3D}.Debug|Any CPU.Build.0 = Debug|Any CPU
		{09D0CF59-D25C-49FF-9272-29737BC25C3D}.Release|Any CPU.ActiveCfg = Release|Any CPU
		{09D0CF59-D25C-49FF-9272-29737BC25C3D}.Release|Any CPU.Build.0 = Release|Any CPU
		{3B15669E-83C9-4D5B-8801-4EDF3D86D38A}.Debug|Any CPU.ActiveCfg = Debug|Any CPU
		{3B15669E-83C9-4D5B-8801-4EDF3D86D38A}.Debug|Any CPU.Build.0 = Debug|Any CPU
		{3B15669E-83C9-4D5B-8801-4EDF3D86D38A}.Release|Any CPU.ActiveCfg = Release|Any CPU
		{3B15669E-83C9-4D5B-8801-4EDF3D86D38A}.Release|Any CPU.Build.0 = Release|Any CPU
	EndGlobalSection
	GlobalSection(SolutionProperties) = preSolution
		HideSolutionNode = FALSE
	EndGlobalSection
EndGlobal
