
Microsoft Visual Studio Solution File, Format Version 12.00
# Visual Studio 15
VisualStudioVersion = 15.0.26020.0
MinimumVisualStudioVersion = 10.0.40219.1
Project("{FAE04EC0-301F-11D3-BF4B-00C04F79EFBC}") = "代码生成器", "代码生成器\代码生成器.csproj", "{4A33AA94-2A5B-4FB4-9FF4-8FF3A117B308}"
EndProject
Project("{FAE04EC0-301F-11D3-BF4B-00C04F79EFBC}") = "DBUtility", "DBUtility\DBUtility.csproj", "{2B2D02D5-DE01-4AC0-814E-936529A6292C}"
EndProject
Project("{FAE04EC0-301F-11D3-BF4B-00C04F79EFBC}") = "Common", "Common\Common.csproj", "{706F73C7-EBD1-4BF5-A5E6-A527031768A5}"
EndProject
Project("{FAE04EC0-301F-11D3-BF4B-00C04F79EFBC}") = "Model", "Model\Model.csproj", "{97A2E8FD-2649-44E4-B88A-33B7C7D48F2F}"
EndProject
Project("{FAE04EC0-301F-11D3-BF4B-00C04F79EFBC}") = "Builder", "Builder\Builder.csproj", "{AC715479-5922-4C17-9DE6-9FEF3268EFE3}"
EndProject
Global
	GlobalSection(SolutionConfigurationPlatforms) = preSolution
		Debug|Any CPU = Debug|Any CPU
		Release|Any CPU = Release|Any CPU
	EndGlobalSection
	GlobalSection(ProjectConfigurationPlatforms) = postSolution
		{4A33AA94-2A5B-4FB4-9FF4-8FF3A117B308}.Debug|Any CPU.ActiveCfg = Debug|Any CPU
		{4A33AA94-2A5B-4FB4-9FF4-8FF3A117B308}.Debug|Any CPU.Build.0 = Debug|Any CPU
		{4A33AA94-2A5B-4FB4-9FF4-8FF3A117B308}.Release|Any CPU.ActiveCfg = Release|Any CPU
		{4A33AA94-2A5B-4FB4-9FF4-8FF3A117B308}.Release|Any CPU.Build.0 = Release|Any CPU
		{2B2D02D5-DE01-4AC0-814E-936529A6292C}.Debug|Any CPU.ActiveCfg = Debug|Any CPU
		{2B2D02D5-DE01-4AC0-814E-936529A6292C}.Debug|Any CPU.Build.0 = Debug|Any CPU
		{2B2D02D5-DE01-4AC0-814E-936529A6292C}.Release|Any CPU.ActiveCfg = Release|Any CPU
		{2B2D02D5-DE01-4AC0-814E-936529A6292C}.Release|Any CPU.Build.0 = Release|Any CPU
		{706F73C7-EBD1-4BF5-A5E6-A527031768A5}.Debug|Any CPU.ActiveCfg = Debug|Any CPU
		{706F73C7-EBD1-4BF5-A5E6-A527031768A5}.Debug|Any CPU.Build.0 = Debug|Any CPU
		{706F73C7-EBD1-4BF5-A5E6-A527031768A5}.Release|Any CPU.ActiveCfg = Release|Any CPU
		{706F73C7-EBD1-4BF5-A5E6-A527031768A5}.Release|Any CPU.Build.0 = Release|Any CPU
		{97A2E8FD-2649-44E4-B88A-33B7C7D48F2F}.Debug|Any CPU.ActiveCfg = Debug|Any CPU
		{97A2E8FD-2649-44E4-B88A-33B7C7D48F2F}.Debug|Any CPU.Build.0 = Debug|Any CPU
		{97A2E8FD-2649-44E4-B88A-33B7C7D48F2F}.Release|Any CPU.ActiveCfg = Release|Any CPU
		{97A2E8FD-2649-44E4-B88A-33B7C7D48F2F}.Release|Any CPU.Build.0 = Release|Any CPU
		{AC715479-5922-4C17-9DE6-9FEF3268EFE3}.Debug|Any CPU.ActiveCfg = Debug|Any CPU
		{AC715479-5922-4C17-9DE6-9FEF3268EFE3}.Debug|Any CPU.Build.0 = Debug|Any CPU
		{AC715479-5922-4C17-9DE6-9FEF3268EFE3}.Release|Any CPU.ActiveCfg = Release|Any CPU
		{AC715479-5922-4C17-9DE6-9FEF3268EFE3}.Release|Any CPU.Build.0 = Release|Any CPU
	EndGlobalSection
	GlobalSection(SolutionProperties) = preSolution
		HideSolutionNode = FALSE
	EndGlobalSection
EndGlobal
